
Microsoft Visual Studio Solution File, Format Version 12.00
# Visual Studio Version 17
VisualStudioVersion = 17.6.33801.468
MinimumVisualStudioVersion = 10.0.40219.1
Project("{FAE04EC0-301F-11D3-BF4B-00C04F79EFBC}") = "EMPLOYEE_MANAGEMENT", "EMPLOYEE_MANAGEMENT.csproj", "{BF0227A6-3B59-4328-8CED-736A492C2D33}"
EndProject
Global
	GlobalSection(SolutionConfigurationPlatforms) = preSolution
		Debug|Any CPU = Debug|Any CPU
		Release|Any CPU = Release|Any CPU
	EndGlobalSection
	GlobalSection(ProjectConfigurationPlatforms) = postSolution
		{BF0227A6-3B59-4328-8CED-736A492C2D33}.Debug|Any CPU.ActiveCfg = Debug|Any CPU
		{BF0227A6-3B59-4328-8CED-736A492C2D33}.Debug|Any CPU.Build.0 = Debug|Any CPU
		{BF0227A6-3B59-4328-8CED-736A492C2D33}.Release|Any CPU.ActiveCfg = Release|Any CPU
		{BF0227A6-3B59-4328-8CED-736A492C2D33}.Release|Any CPU.Build.0 = Release|Any CPU
	EndGlobalSection
	GlobalSection(SolutionProperties) = preSolution
		HideSolutionNode = FALSE
	EndGlobalSection
	GlobalSection(ExtensibilityGlobals) = postSolution
		SolutionGuid = {00900520-9530-4309-BE53-FEB0076A8887}
	EndGlobalSection
EndGlobal
